
Microsoft Visual Studio Solution File, Format Version 12.00
# Visual Studio 15
VisualStudioVersion = 15.0.28307.572
MinimumVisualStudioVersion = 10.0.40219.1
Project("{FAE04EC0-301F-11D3-BF4B-00C04F79EFBC}") = "SudokuSolver", "SudokuSolver\SudokuSolver.csproj", "{C2B4B68B-2FBB-43B5-9292-F135E9E4FF92}"
EndProject
Project("{FAE04EC0-301F-11D3-BF4B-00C04F79EFBC}") = "SudokuSolverTests", "SudokuSolverTests\SudokuSolverTests.csproj", "{E5805CF2-D395-47AF-8E52-D591AD7A1515}"
EndProject
Global
	GlobalSection(SolutionConfigurationPlatforms) = preSolution
		Debug|Any CPU = Debug|Any CPU
		Release|Any CPU = Release|Any CPU
	EndGlobalSection
	GlobalSection(ProjectConfigurationPlatforms) = postSolution
		{C2B4B68B-2FBB-43B5-9292-F135E9E4FF92}.Debug|Any CPU.ActiveCfg = Debug|Any CPU
		{C2B4B68B-2FBB-43B5-9292-F135E9E4FF92}.Debug|Any CPU.Build.0 = Debug|Any CPU
		{C2B4B68B-2FBB-43B5-9292-F135E9E4FF92}.Release|Any CPU.ActiveCfg = Release|Any CPU
		{C2B4B68B-2FBB-43B5-9292-F135E9E4FF92}.Release|Any CPU.Build.0 = Release|Any CPU
		{E5805CF2-D395-47AF-8E52-D591AD7A1515}.Debug|Any CPU.ActiveCfg = Debug|Any CPU
		{E5805CF2-D395-47AF-8E52-D591AD7A1515}.Debug|Any CPU.Build.0 = Debug|Any CPU
		{E5805CF2-D395-47AF-8E52-D591AD7A1515}.Release|Any CPU.ActiveCfg = Release|Any CPU
		{E5805CF2-D395-47AF-8E52-D591AD7A1515}.Release|Any CPU.Build.0 = Release|Any CPU
	EndGlobalSection
	GlobalSection(SolutionProperties) = preSolution
		HideSolutionNode = FALSE
	EndGlobalSection
	GlobalSection(ExtensibilityGlobals) = postSolution
		SolutionGuid = {C93D0DB5-F80C-4464-AD8C-C399827266D4}
	EndGlobalSection
EndGlobal
